
Microsoft Visual Studio Solution File, Format Version 12.00
# Visual Studio Version 17
VisualStudioVersion = 17.12.35323.107
MinimumVisualStudioVersion = 10.0.40219.1
Project("{FAE04EC0-301F-11D3-BF4B-00C04F79EFBC}") = "ProjectDetails.Services", "src\ProjectDetails\ProjectDetails.Services\ProjectDetails.Services.csproj", "{A7055637-A244-4C1F-ABEB-1BAEDC9C4709}"
EndProject
Project("{FAE04EC0-301F-11D3-BF4B-00C04F79EFBC}") = "Common.Data", "src\Common\Common.Data\Common.Data.csproj", "{D2ABA128-12E3-4136-88ED-4458D2A7A5FC}"
EndProject
Project("{FAE04EC0-301F-11D3-BF4B-00C04F79EFBC}") = "ProjectDetails.Functions", "src\ProjectDetails\ProjectDetails.Functions\ProjectDetails.Functions.csproj", "{1D376996-751A-4289-983C-F3CCF3274359}"
EndProject
Global
	GlobalSection(SolutionConfigurationPlatforms) = preSolution
		Debug|Any CPU = Debug|Any CPU
		Release|Any CPU = Release|Any CPU
	EndGlobalSection
	GlobalSection(ProjectConfigurationPlatforms) = postSolution
		{A7055637-A244-4C1F-ABEB-1BAEDC9C4709}.Debug|Any CPU.ActiveCfg = Debug|Any CPU
		{A7055637-A244-4C1F-ABEB-1BAEDC9C4709}.Debug|Any CPU.Build.0 = Debug|Any CPU
		{A7055637-A244-4C1F-ABEB-1BAEDC9C4709}.Release|Any CPU.ActiveCfg = Release|Any CPU
		{A7055637-A244-4C1F-ABEB-1BAEDC9C4709}.Release|Any CPU.Build.0 = Release|Any CPU
		{D2ABA128-12E3-4136-88ED-4458D2A7A5FC}.Debug|Any CPU.ActiveCfg = Debug|Any CPU
		{D2ABA128-12E3-4136-88ED-4458D2A7A5FC}.Debug|Any CPU.Build.0 = Debug|Any CPU
		{D2ABA128-12E3-4136-88ED-4458D2A7A5FC}.Release|Any CPU.ActiveCfg = Release|Any CPU
		{D2ABA128-12E3-4136-88ED-4458D2A7A5FC}.Release|Any CPU.Build.0 = Release|Any CPU
		{1D376996-751A-4289-983C-F3CCF3274359}.Debug|Any CPU.ActiveCfg = Debug|Any CPU
		{1D376996-751A-4289-983C-F3CCF3274359}.Debug|Any CPU.Build.0 = Debug|Any CPU
		{1D376996-751A-4289-983C-F3CCF3274359}.Release|Any CPU.ActiveCfg = Release|Any CPU
		{1D376996-751A-4289-983C-F3CCF3274359}.Release|Any CPU.Build.0 = Release|Any CPU
	EndGlobalSection
	GlobalSection(SolutionProperties) = preSolution
		HideSolutionNode = FALSE
	EndGlobalSection
	GlobalSection(ExtensibilityGlobals) = postSolution
		SolutionGuid = {7E4BE24B-B35C-4574-B25D-19E23F0C3AB5}
	EndGlobalSection
EndGlobal
